
Microsoft Visual Studio Solution File, Format Version 12.00
# Visual Studio Version 17
VisualStudioVersion = 17.4.33213.308
MinimumVisualStudioVersion = 10.0.40219.1
Project("{9A19103F-16F7-4668-BE54-9A1E7A4F7556}") = "TangyWeb_Server", "TangyWeb_Server\TangyWeb_Server.csproj", "{F4BA1C4E-1531-4921-BFA5-F13DB1C41AE3}"
EndProject
Project("{FAE04EC0-301F-11D3-BF4B-00C04F79EFBC}") = "TangyWeb_Client", "TangyWeb_Client\TangyWeb_Client.csproj", "{1FE703A1-2E94-4F19-9509-7FF4666E94CE}"
EndProject
Global
	GlobalSection(SolutionConfigurationPlatforms) = preSolution
		Debug|Any CPU = Debug|Any CPU
		Release|Any CPU = Release|Any CPU
	EndGlobalSection
	GlobalSection(ProjectConfigurationPlatforms) = postSolution
		{F4BA1C4E-1531-4921-BFA5-F13DB1C41AE3}.Debug|Any CPU.ActiveCfg = Debug|Any CPU
		{F4BA1C4E-1531-4921-BFA5-F13DB1C41AE3}.Debug|Any CPU.Build.0 = Debug|Any CPU
		{F4BA1C4E-1531-4921-BFA5-F13DB1C41AE3}.Release|Any CPU.ActiveCfg = Release|Any CPU
		{F4BA1C4E-1531-4921-BFA5-F13DB1C41AE3}.Release|Any CPU.Build.0 = Release|Any CPU
		{1FE703A1-2E94-4F19-9509-7FF4666E94CE}.Debug|Any CPU.ActiveCfg = Debug|Any CPU
		{1FE703A1-2E94-4F19-9509-7FF4666E94CE}.Debug|Any CPU.Build.0 = Debug|Any CPU
		{1FE703A1-2E94-4F19-9509-7FF4666E94CE}.Release|Any CPU.ActiveCfg = Release|Any CPU
		{1FE703A1-2E94-4F19-9509-7FF4666E94CE}.Release|Any CPU.Build.0 = Release|Any CPU
	EndGlobalSection
	GlobalSection(SolutionProperties) = preSolution
		HideSolutionNode = FALSE
	EndGlobalSection
	GlobalSection(ExtensibilityGlobals) = postSolution
		SolutionGuid = {E0FA6F5F-A6E7-47D1-AF64-C72FE231D5D4}
	EndGlobalSection
EndGlobal
